
Microsoft Visual Studio Solution File, Format Version 12.00
# Visual Studio Version 16
VisualStudioVersion = 16.0.31624.102
MinimumVisualStudioVersion = 10.0.40219.1
Project("{FAE04EC0-301F-11D3-BF4B-00C04F79EFBC}") = "DapperSample", "DapperSample\DapperSample.csproj", "{C40CBF04-AC15-454A-BDCA-645C0BC90D89}"
EndProject
Project("{FAE04EC0-301F-11D3-BF4B-00C04F79EFBC}") = "DapperSample.Web", "DapperSample.Web\DapperSample.Web.csproj", "{22759B3C-85D1-49C7-9E33-FA1E9E49FAFA}"
EndProject
Global
	GlobalSection(SolutionConfigurationPlatforms) = preSolution
		Debug|Any CPU = Debug|Any CPU
		Release|Any CPU = Release|Any CPU
	EndGlobalSection
	GlobalSection(ProjectConfigurationPlatforms) = postSolution
		{C40CBF04-AC15-454A-BDCA-645C0BC90D89}.Debug|Any CPU.ActiveCfg = Debug|Any CPU
		{C40CBF04-AC15-454A-BDCA-645C0BC90D89}.Debug|Any CPU.Build.0 = Debug|Any CPU
		{C40CBF04-AC15-454A-BDCA-645C0BC90D89}.Release|Any CPU.ActiveCfg = Release|Any CPU
		{C40CBF04-AC15-454A-BDCA-645C0BC90D89}.Release|Any CPU.Build.0 = Release|Any CPU
		{22759B3C-85D1-49C7-9E33-FA1E9E49FAFA}.Debug|Any CPU.ActiveCfg = Debug|Any CPU
		{22759B3C-85D1-49C7-9E33-FA1E9E49FAFA}.Debug|Any CPU.Build.0 = Debug|Any CPU
		{22759B3C-85D1-49C7-9E33-FA1E9E49FAFA}.Release|Any CPU.ActiveCfg = Release|Any CPU
		{22759B3C-85D1-49C7-9E33-FA1E9E49FAFA}.Release|Any CPU.Build.0 = Release|Any CPU
	EndGlobalSection
	GlobalSection(SolutionProperties) = preSolution
		HideSolutionNode = FALSE
	EndGlobalSection
	GlobalSection(ExtensibilityGlobals) = postSolution
		SolutionGuid = {B00B2767-C2D8-4A7D-A11C-88962C3F4C7A}
	EndGlobalSection
EndGlobal
